
Microsoft Visual Studio Solution File, Format Version 12.00
# Visual Studio 15
VisualStudioVersion = 15.0.28010.2046
MinimumVisualStudioVersion = 10.0.40219.1
Project("{FAE04EC0-301F-11D3-BF4B-00C04F79EFBC}") = "Ultimo", "Ultimo\Ultimo.csproj", "{397C7A4E-92C5-4E9B-B1BC-3BD7917877F4}"
EndProject
Global
	GlobalSection(SolutionConfigurationPlatforms) = preSolution
		Debug|Any CPU = Debug|Any CPU
		Release|Any CPU = Release|Any CPU
	EndGlobalSection
	GlobalSection(ProjectConfigurationPlatforms) = postSolution
		{397C7A4E-92C5-4E9B-B1BC-3BD7917877F4}.Debug|Any CPU.ActiveCfg = Debug|Any CPU
		{397C7A4E-92C5-4E9B-B1BC-3BD7917877F4}.Debug|Any CPU.Build.0 = Debug|Any CPU
		{397C7A4E-92C5-4E9B-B1BC-3BD7917877F4}.Release|Any CPU.ActiveCfg = Release|Any CPU
		{397C7A4E-92C5-4E9B-B1BC-3BD7917877F4}.Release|Any CPU.Build.0 = Release|Any CPU
	EndGlobalSection
	GlobalSection(SolutionProperties) = preSolution
		HideSolutionNode = FALSE
	EndGlobalSection
	GlobalSection(ExtensibilityGlobals) = postSolution
		SolutionGuid = {28029B66-325D-4616-94FD-F6737BD411BA}
	EndGlobalSection
EndGlobal
